{
  "requires": true,
  "lockfileVersion": 1,
  "dependencies": {
    "sweetalert2": {
      "version": "9.1.5",
      "resolved": "https://registry.npmjs.org/sweetalert2/-/sweetalert2-9.1.5.tgz",
      "integrity": "sha512-lxOu3+sZeYbUiz/O1B2CJnraD2cF8DgdRh/NLW7ZZAt1Ultzny3qRx1fMKWrWvEjTe0wkELMrVlk/nBw23Vn3Q=="
    }
  }
}
